<?xml version="1.0" encoding="utf-8"?>
<Project ToolsVersion="4.0" xmlns="http://schemas.microsoft.com/developer/msbuild/2003">
  <ItemGroup>
    <Filter Include="Source Files">
      <UniqueIdentifier>{4FC737F1-C7A5-4376-A066-2A32D752A2FF}</UniqueIdentifier>
      <Extensions>cpp;c;cc;cxx;c++;cppm;ixx;def;odl;idl;hpj;bat;asm;asmx</Extensions>
    </Filter>
    <Filter Include="Header Files">
      <UniqueIdentifier>{93995380-89BD-4b04-88EB-625FBE52EBFB}</UniqueIdentifier>
      <Extensions>h;hh;hpp;hxx;h++;hm;inl;inc;ipp;xsd</Extensions>
    </Filter>
    <Filter Include="Resource Files">
      <UniqueIdentifier>{67DA6AB6-F800-4c08-8B7A-83BB121AAD01}</UniqueIdentifier>
      <Extensions>rc;ico;cur;bmp;dlg;rc2;rct;bin;rgs;gif;jpg;jpeg;jpe;resx;tiff;tif;png;wav;mfcribbon-ms</Extensions>
    </Filter>
  </ItemGroup>
  <ItemGroup>
    <ClInclude Include="..\avrdbg.h">
      <Filter>Header Files</Filter>
    </ClInclude>
    <ClInclude Include="..\iopin.h">
      <Filter>Header Files</Filter>
    </ClInclude>
    <ClInclude Include="..\pedals.h">
      <Filter>Header Files</Filter>
    </ClInclude>
    <ClInclude Include="..\ring.h">
      <Filter>Header Files</Filter>
    </ClInclude>
    <ClInclude Include="..\timera.h">
      <Filter>Header Files</Filter>
    </ClInclude>
    <ClInclude Include="..\usart.h">
      <Filter>Header Files</Filter>
    </ClInclude>
    <ClInclude Include="..\watch.h">
      <Filter>Header Files</Filter>
    </ClInclude>
    <ClInclude Include="..\display.h">
      <Filter>Header Files</Filter>
    </ClInclude>
    <ClInclude Include="..\spimaster.h">
      <Filter>Header Files</Filter>
    </ClInclude>
    <ClInclude Include="avr\io.h">
      <Filter>Header Files</Filter>
    </ClInclude>
    <ClInclude Include="avr\ioavr128da48.h">
      <Filter>Header Files</Filter>
    </ClInclude>
    <ClInclude Include="avr\pgmspace.h">
      <Filter>Header Files</Filter>
    </ClInclude>
    <ClInclude Include="..\fonts\FreeSans9pt7b.h">
      <Filter>Header Files</Filter>
    </ClInclude>
    <ClInclude Include="..\fonts\glcdfont.h">
      <Filter>Header Files</Filter>
    </ClInclude>
  </ItemGroup>
  <ItemGroup>
    <ClCompile Include="..\avrdbg.cpp">
      <Filter>Source Files</Filter>
    </ClCompile>
    <ClCompile Include="..\main.cpp">
      <Filter>Source Files</Filter>
    </ClCompile>
    <ClCompile Include="stub.cpp">
      <Filter>Source Files</Filter>
    </ClCompile>
    <ClCompile Include="..\pedals.cpp">
      <Filter>Source Files</Filter>
    </ClCompile>
    <ClCompile Include="..\display.cpp">
      <Filter>Source Files</Filter>
    </ClCompile>
    <ClCompile Include="..\graph.cpp">
      <Filter>Source Files</Filter>
    </ClCompile>
  </ItemGroup>
</Project>